
Microsoft Visual Studio Solution File, Format Version 12.00
# Visual Studio Version 17
VisualStudioVersion = 17.6.33801.468
MinimumVisualStudioVersion = 10.0.40219.1
Project("{FAE04EC0-301F-11D3-BF4B-00C04F79EFBC}") = "Webapp-Projekt", "Webapp-Projekt\Webapp-Projekt.csproj", "{BBA59051-0134-49BC-A1C7-95A1B7A8E329}"
EndProject
Global
	GlobalSection(SolutionConfigurationPlatforms) = preSolution
		Debug|Any CPU = Debug|Any CPU
		Release|Any CPU = Release|Any CPU
	EndGlobalSection
	GlobalSection(ProjectConfigurationPlatforms) = postSolution
		{BBA59051-0134-49BC-A1C7-95A1B7A8E329}.Debug|Any CPU.ActiveCfg = Debug|Any CPU
		{BBA59051-0134-49BC-A1C7-95A1B7A8E329}.Debug|Any CPU.Build.0 = Debug|Any CPU
		{BBA59051-0134-49BC-A1C7-95A1B7A8E329}.Release|Any CPU.ActiveCfg = Release|Any CPU
		{BBA59051-0134-49BC-A1C7-95A1B7A8E329}.Release|Any CPU.Build.0 = Release|Any CPU
	EndGlobalSection
	GlobalSection(SolutionProperties) = preSolution
		HideSolutionNode = FALSE
	EndGlobalSection
	GlobalSection(ExtensibilityGlobals) = postSolution
		SolutionGuid = {B358D566-8B24-40FB-BF76-7FE837234FAF}
	EndGlobalSection
EndGlobal
